
Microsoft Visual Studio Solution File, Format Version 12.00
# Visual Studio 15
VisualStudioVersion = 15.0.27130.2010
MinimumVisualStudioVersion = 10.0.40219.1
Project("{FAE04EC0-301F-11D3-BF4B-00C04F79EFBC}") = "CCEJobs", "CCEJobs\CCEJobs.csproj", "{C6258EFA-D4D2-4B44-A624-8B8690B0D6A1}"
EndProject
Project("{FAE04EC0-301F-11D3-BF4B-00C04F79EFBC}") = "JCCBusinessLayer", "JCCBusinessLayer\JCCBusinessLayer.csproj", "{FC476DA2-BF3D-4F80-B371-465C2923C9BF}"
EndProject
Project("{FAE04EC0-301F-11D3-BF4B-00C04F79EFBC}") = "Security", "Security\Security.csproj", "{96F1812F-275F-4B17-9AEC-24C2FD2206EE}"
EndProject
Project("{FAE04EC0-301F-11D3-BF4B-00C04F79EFBC}") = "JCCPurchasing", "JCCPurchasing\JCCPurchasing.csproj", "{9969261B-2A95-476A-A513-50421F2C7C6D}"
EndProject
Project("{FAE04EC0-301F-11D3-BF4B-00C04F79EFBC}") = "JCCReports", "JCCReports\JCCReports.csproj", "{33B578EF-A0AF-4B1E-A6FE-C115DC7EF8BE}"
EndProject
Project("{FAE04EC0-301F-11D3-BF4B-00C04F79EFBC}") = "JCCEquipmentRental", "JCCEquipmentRental\JCCEquipmentRental.csproj", "{D668FC36-B420-4B72-B25C-63F7ABC033C8}"
EndProject
Project("{FAE04EC0-301F-11D3-BF4B-00C04F79EFBC}") = "JCCMaterialOrder", "JCCMaterialOrder\JCCMaterialOrder.csproj", "{0A8275D9-237F-4175-9A2D-5FEB86C17423}"
EndProject
Project("{FAE04EC0-301F-11D3-BF4B-00C04F79EFBC}") = "JCCDailyLog", "JCCDailyLog\JCCDailyLog.csproj", "{E9E11313-E876-44A4-A3B5-7D68CA6C790E}"
EndProject
Project("{FAE04EC0-301F-11D3-BF4B-00C04F79EFBC}") = "JCCTimeMaterial", "JCCTimeMaterial\JCCTimeMaterial.csproj", "{BE43AEF3-9AF2-42E1-964C-93F17CDD9691}"
EndProject
Project("{FAE04EC0-301F-11D3-BF4B-00C04F79EFBC}") = "JCCSwitchgear", "JCCSwitchgeer\JCCSwitchgear.csproj", "{038F0F0A-E1DD-4D71-A811-6400B6A1E4F3}"
EndProject
Project("{FAE04EC0-301F-11D3-BF4B-00C04F79EFBC}") = "JCCLightFixture", "JCCLightFixture\JCCLightFixture.csproj", "{E59363B9-8F6F-4C37-B6B9-A746C4037DA0}"
EndProject
Project("{FAE04EC0-301F-11D3-BF4B-00C04F79EFBC}") = "CCEOTProjects", "CCEOTProjects\CCEOTProjects.csproj", "{3B70C6C7-B0DA-49F9-BA89-3A592617F900}"
EndProject
Project("{FAE04EC0-301F-11D3-BF4B-00C04F79EFBC}") = "JCCSmallPO", "JCCSmallPO\JCCSmallPO.csproj", "{E90BEA3E-9113-4050-A75E-B380FC8C15F0}"
EndProject
Project("{FAE04EC0-301F-11D3-BF4B-00C04F79EFBC}") = "JCCSubcontractDocument", "JCCSubcontractDocument\JCCSubcontractDocument.csproj", "{8BED9767-8ECE-439A-9D05-D728D0D3A8AE}"
EndProject
Project("{FAE04EC0-301F-11D3-BF4B-00C04F79EFBC}") = "ControlsLibrary", "ControlsLibrary\ControlsLibrary.csproj", "{9F5D0828-14AE-4734-A96A-C6D56609536C}"
EndProject
Global
	GlobalSection(SolutionConfigurationPlatforms) = preSolution
		CD_ROM|.NET = CD_ROM|.NET
		CD_ROM|Any CPU = CD_ROM|Any CPU
		CD_ROM|Mixed Platforms = CD_ROM|Mixed Platforms
		Debug|.NET = Debug|.NET
		Debug|Any CPU = Debug|Any CPU
		Debug|Mixed Platforms = Debug|Mixed Platforms
		DVD-5|.NET = DVD-5|.NET
		DVD-5|Any CPU = DVD-5|Any CPU
		DVD-5|Mixed Platforms = DVD-5|Mixed Platforms
		Release|.NET = Release|.NET
		Release|Any CPU = Release|Any CPU
		Release|Mixed Platforms = Release|Mixed Platforms
		SingleImage|.NET = SingleImage|.NET
		SingleImage|Any CPU = SingleImage|Any CPU
		SingleImage|Mixed Platforms = SingleImage|Mixed Platforms
	EndGlobalSection
	GlobalSection(ProjectConfigurationPlatforms) = postSolution
		{C6258EFA-D4D2-4B44-A624-8B8690B0D6A1}.CD_ROM|.NET.ActiveCfg = Release|Any CPU
		{C6258EFA-D4D2-4B44-A624-8B8690B0D6A1}.CD_ROM|.NET.Build.0 = Release|Any CPU
		{C6258EFA-D4D2-4B44-A624-8B8690B0D6A1}.CD_ROM|Any CPU.ActiveCfg = Release|Any CPU
		{C6258EFA-D4D2-4B44-A624-8B8690B0D6A1}.CD_ROM|Any CPU.Build.0 = Release|Any CPU
		{C6258EFA-D4D2-4B44-A624-8B8690B0D6A1}.CD_ROM|Mixed Platforms.ActiveCfg = Release|Any CPU
		{C6258EFA-D4D2-4B44-A624-8B8690B0D6A1}.CD_ROM|Mixed Platforms.Build.0 = Release|Any CPU
		{C6258EFA-D4D2-4B44-A624-8B8690B0D6A1}.Debug|.NET.ActiveCfg = Debug|Any CPU
		{C6258EFA-D4D2-4B44-A624-8B8690B0D6A1}.Debug|Any CPU.ActiveCfg = Debug|Any CPU
		{C6258EFA-D4D2-4B44-A624-8B8690B0D6A1}.Debug|Any CPU.Build.0 = Debug|Any CPU
		{C6258EFA-D4D2-4B44-A624-8B8690B0D6A1}.Debug|Mixed Platforms.ActiveCfg = Debug|Any CPU
		{C6258EFA-D4D2-4B44-A624-8B8690B0D6A1}.Debug|Mixed Platforms.Build.0 = Debug|Any CPU
		{C6258EFA-D4D2-4B44-A624-8B8690B0D6A1}.DVD-5|.NET.ActiveCfg = Debug|Any CPU
		{C6258EFA-D4D2-4B44-A624-8B8690B0D6A1}.DVD-5|.NET.Build.0 = Debug|Any CPU
		{C6258EFA-D4D2-4B44-A624-8B8690B0D6A1}.DVD-5|Any CPU.ActiveCfg = Debug|Any CPU
		{C6258EFA-D4D2-4B44-A624-8B8690B0D6A1}.DVD-5|Any CPU.Build.0 = Debug|Any CPU
		{C6258EFA-D4D2-4B44-A624-8B8690B0D6A1}.DVD-5|Mixed Platforms.ActiveCfg = Debug|Any CPU
		{C6258EFA-D4D2-4B44-A624-8B8690B0D6A1}.DVD-5|Mixed Platforms.Build.0 = Debug|Any CPU
		{C6258EFA-D4D2-4B44-A624-8B8690B0D6A1}.Release|.NET.ActiveCfg = Release|Any CPU
		{C6258EFA-D4D2-4B44-A624-8B8690B0D6A1}.Release|Any CPU.ActiveCfg = Release|Any CPU
		{C6258EFA-D4D2-4B44-A624-8B8690B0D6A1}.Release|Any CPU.Build.0 = Release|Any CPU
		{C6258EFA-D4D2-4B44-A624-8B8690B0D6A1}.Release|Mixed Platforms.ActiveCfg = Release|Any CPU
		{C6258EFA-D4D2-4B44-A624-8B8690B0D6A1}.Release|Mixed Platforms.Build.0 = Release|Any CPU
		{C6258EFA-D4D2-4B44-A624-8B8690B0D6A1}.SingleImage|.NET.ActiveCfg = Release|Any CPU
		{C6258EFA-D4D2-4B44-A624-8B8690B0D6A1}.SingleImage|.NET.Build.0 = Release|Any CPU
		{C6258EFA-D4D2-4B44-A624-8B8690B0D6A1}.SingleImage|Any CPU.ActiveCfg = Release|Any CPU
		{C6258EFA-D4D2-4B44-A624-8B8690B0D6A1}.SingleImage|Any CPU.Build.0 = Release|Any CPU
		{C6258EFA-D4D2-4B44-A624-8B8690B0D6A1}.SingleImage|Mixed Platforms.ActiveCfg = Release|Any CPU
		{C6258EFA-D4D2-4B44-A624-8B8690B0D6A1}.SingleImage|Mixed Platforms.Build.0 = Release|Any CPU
		{FC476DA2-BF3D-4F80-B371-465C2923C9BF}.CD_ROM|.NET.ActiveCfg = Release|Any CPU
		{FC476DA2-BF3D-4F80-B371-465C2923C9BF}.CD_ROM|.NET.Build.0 = Release|Any CPU
		{FC476DA2-BF3D-4F80-B371-465C2923C9BF}.CD_ROM|Any CPU.ActiveCfg = Release|Any CPU
		{FC476DA2-BF3D-4F80-B371-465C2923C9BF}.CD_ROM|Any CPU.Build.0 = Release|Any CPU
		{FC476DA2-BF3D-4F80-B371-465C2923C9BF}.CD_ROM|Mixed Platforms.ActiveCfg = Release|Any CPU
		{FC476DA2-BF3D-4F80-B371-465C2923C9BF}.CD_ROM|Mixed Platforms.Build.0 = Release|Any CPU
		{FC476DA2-BF3D-4F80-B371-465C2923C9BF}.Debug|.NET.ActiveCfg = Debug|Any CPU
		{FC476DA2-BF3D-4F80-B371-465C2923C9BF}.Debug|Any CPU.ActiveCfg = Debug|Any CPU
		{FC476DA2-BF3D-4F80-B371-465C2923C9BF}.Debug|Any CPU.Build.0 = Debug|Any CPU
		{FC476DA2-BF3D-4F80-B371-465C2923C9BF}.Debug|Mixed Platforms.ActiveCfg = Debug|Any CPU
		{FC476DA2-BF3D-4F80-B371-465C2923C9BF}.Debug|Mixed Platforms.Build.0 = Debug|Any CPU
		{FC476DA2-BF3D-4F80-B371-465C2923C9BF}.DVD-5|.NET.ActiveCfg = Debug|Any CPU
		{FC476DA2-BF3D-4F80-B371-465C2923C9BF}.DVD-5|.NET.Build.0 = Debug|Any CPU
		{FC476DA2-BF3D-4F80-B371-465C2923C9BF}.DVD-5|Any CPU.ActiveCfg = Debug|Any CPU
		{FC476DA2-BF3D-4F80-B371-465C2923C9BF}.DVD-5|Any CPU.Build.0 = Debug|Any CPU
		{FC476DA2-BF3D-4F80-B371-465C2923C9BF}.DVD-5|Mixed Platforms.ActiveCfg = Debug|Any CPU
		{FC476DA2-BF3D-4F80-B371-465C2923C9BF}.DVD-5|Mixed Platforms.Build.0 = Debug|Any CPU
		{FC476DA2-BF3D-4F80-B371-465C2923C9BF}.Release|.NET.ActiveCfg = Release|Any CPU
		{FC476DA2-BF3D-4F80-B371-465C2923C9BF}.Release|Any CPU.ActiveCfg = Release|Any CPU
		{FC476DA2-BF3D-4F80-B371-465C2923C9BF}.Release|Any CPU.Build.0 = Release|Any CPU
		{FC476DA2-BF3D-4F80-B371-465C2923C9BF}.Release|Mixed Platforms.ActiveCfg = Release|Any CPU
		{FC476DA2-BF3D-4F80-B371-465C2923C9BF}.Release|Mixed Platforms.Build.0 = Release|Any CPU
		{FC476DA2-BF3D-4F80-B371-465C2923C9BF}.SingleImage|.NET.ActiveCfg = Release|Any CPU
		{FC476DA2-BF3D-4F80-B371-465C2923C9BF}.SingleImage|.NET.Build.0 = Release|Any CPU
		{FC476DA2-BF3D-4F80-B371-465C2923C9BF}.SingleImage|Any CPU.ActiveCfg = Release|Any CPU
		{FC476DA2-BF3D-4F80-B371-465C2923C9BF}.SingleImage|Any CPU.Build.0 = Release|Any CPU
		{FC476DA2-BF3D-4F80-B371-465C2923C9BF}.SingleImage|Mixed Platforms.ActiveCfg = Release|Any CPU
		{FC476DA2-BF3D-4F80-B371-465C2923C9BF}.SingleImage|Mixed Platforms.Build.0 = Release|Any CPU
		{96F1812F-275F-4B17-9AEC-24C2FD2206EE}.CD_ROM|.NET.ActiveCfg = Release|Any CPU
		{96F1812F-275F-4B17-9AEC-24C2FD2206EE}.CD_ROM|.NET.Build.0 = Release|Any CPU
		{96F1812F-275F-4B17-9AEC-24C2FD2206EE}.CD_ROM|Any CPU.ActiveCfg = Release|Any CPU
		{96F1812F-275F-4B17-9AEC-24C2FD2206EE}.CD_ROM|Any CPU.Build.0 = Release|Any CPU
		{96F1812F-275F-4B17-9AEC-24C2FD2206EE}.CD_ROM|Mixed Platforms.ActiveCfg = Release|Any CPU
		{96F1812F-275F-4B17-9AEC-24C2FD2206EE}.CD_ROM|Mixed Platforms.Build.0 = Release|Any CPU
		{96F1812F-275F-4B17-9AEC-24C2FD2206EE}.Debug|.NET.ActiveCfg = Debug|Any CPU
		{96F1812F-275F-4B17-9AEC-24C2FD2206EE}.Debug|Any CPU.ActiveCfg = Debug|Any CPU
		{96F1812F-275F-4B17-9AEC-24C2FD2206EE}.Debug|Any CPU.Build.0 = Debug|Any CPU
		{96F1812F-275F-4B17-9AEC-24C2FD2206EE}.Debug|Mixed Platforms.ActiveCfg = Debug|Any CPU
		{96F1812F-275F-4B17-9AEC-24C2FD2206EE}.Debug|Mixed Platforms.Build.0 = Debug|Any CPU
		{96F1812F-275F-4B17-9AEC-24C2FD2206EE}.DVD-5|.NET.ActiveCfg = Debug|Any CPU
		{96F1812F-275F-4B17-9AEC-24C2FD2206EE}.DVD-5|.NET.Build.0 = Debug|Any CPU
		{96F1812F-275F-4B17-9AEC-24C2FD2206EE}.DVD-5|Any CPU.ActiveCfg = Debug|Any CPU
		{96F1812F-275F-4B17-9AEC-24C2FD2206EE}.DVD-5|Any CPU.Build.0 = Debug|Any CPU
		{96F1812F-275F-4B17-9AEC-24C2FD2206EE}.DVD-5|Mixed Platforms.ActiveCfg = Debug|Any CPU
		{96F1812F-275F-4B17-9AEC-24C2FD2206EE}.DVD-5|Mixed Platforms.Build.0 = Debug|Any CPU
		{96F1812F-275F-4B17-9AEC-24C2FD2206EE}.Release|.NET.ActiveCfg = Release|Any CPU
		{96F1812F-275F-4B17-9AEC-24C2FD2206EE}.Release|Any CPU.ActiveCfg = Release|Any CPU
		{96F1812F-275F-4B17-9AEC-24C2FD2206EE}.Release|Any CPU.Build.0 = Release|Any CPU
		{96F1812F-275F-4B17-9AEC-24C2FD2206EE}.Release|Mixed Platforms.ActiveCfg = Release|Any CPU
		{96F1812F-275F-4B17-9AEC-24C2FD2206EE}.Release|Mixed Platforms.Build.0 = Release|Any CPU
		{96F1812F-275F-4B17-9AEC-24C2FD2206EE}.SingleImage|.NET.ActiveCfg = Release|Any CPU
		{96F1812F-275F-4B17-9AEC-24C2FD2206EE}.SingleImage|.NET.Build.0 = Release|Any CPU
		{96F1812F-275F-4B17-9AEC-24C2FD2206EE}.SingleImage|Any CPU.ActiveCfg = Release|Any CPU
		{96F1812F-275F-4B17-9AEC-24C2FD2206EE}.SingleImage|Any CPU.Build.0 = Release|Any CPU
		{96F1812F-275F-4B17-9AEC-24C2FD2206EE}.SingleImage|Mixed Platforms.ActiveCfg = Release|Any CPU
		{96F1812F-275F-4B17-9AEC-24C2FD2206EE}.SingleImage|Mixed Platforms.Build.0 = Release|Any CPU
		{9969261B-2A95-476A-A513-50421F2C7C6D}.CD_ROM|.NET.ActiveCfg = Release|Any CPU
		{9969261B-2A95-476A-A513-50421F2C7C6D}.CD_ROM|.NET.Build.0 = Release|Any CPU
		{9969261B-2A95-476A-A513-50421F2C7C6D}.CD_ROM|Any CPU.ActiveCfg = Release|Any CPU
		{9969261B-2A95-476A-A513-50421F2C7C6D}.CD_ROM|Any CPU.Build.0 = Release|Any CPU
		{9969261B-2A95-476A-A513-50421F2C7C6D}.CD_ROM|Mixed Platforms.ActiveCfg = Release|Any CPU
		{9969261B-2A95-476A-A513-50421F2C7C6D}.CD_ROM|Mixed Platforms.Build.0 = Release|Any CPU
		{9969261B-2A95-476A-A513-50421F2C7C6D}.Debug|.NET.ActiveCfg = Debug|Any CPU
		{9969261B-2A95-476A-A513-50421F2C7C6D}.Debug|Any CPU.ActiveCfg = Debug|Any CPU
		{9969261B-2A95-476A-A513-50421F2C7C6D}.Debug|Any CPU.Build.0 = Debug|Any CPU
		{9969261B-2A95-476A-A513-50421F2C7C6D}.Debug|Mixed Platforms.ActiveCfg = Debug|Any CPU
		{9969261B-2A95-476A-A513-50421F2C7C6D}.DVD-5|.NET.ActiveCfg = Debug|Any CPU
		{9969261B-2A95-476A-A513-50421F2C7C6D}.DVD-5|.NET.Build.0 = Debug|Any CPU
		{9969261B-2A95-476A-A513-50421F2C7C6D}.DVD-5|Any CPU.ActiveCfg = Debug|Any CPU
		{9969261B-2A95-476A-A513-50421F2C7C6D}.DVD-5|Any CPU.Build.0 = Debug|Any CPU
		{9969261B-2A95-476A-A513-50421F2C7C6D}.DVD-5|Mixed Platforms.ActiveCfg = Debug|Any CPU
		{9969261B-2A95-476A-A513-50421F2C7C6D}.DVD-5|Mixed Platforms.Build.0 = Debug|Any CPU
		{9969261B-2A95-476A-A513-50421F2C7C6D}.Release|.NET.ActiveCfg = Release|Any CPU
		{9969261B-2A95-476A-A513-50421F2C7C6D}.Release|Any CPU.ActiveCfg = Release|Any CPU
		{9969261B-2A95-476A-A513-50421F2C7C6D}.Release|Any CPU.Build.0 = Release|Any CPU
		{9969261B-2A95-476A-A513-50421F2C7C6D}.Release|Mixed Platforms.ActiveCfg = Release|Any CPU
		{9969261B-2A95-476A-A513-50421F2C7C6D}.SingleImage|.NET.ActiveCfg = Release|Any CPU
		{9969261B-2A95-476A-A513-50421F2C7C6D}.SingleImage|.NET.Build.0 = Release|Any CPU
		{9969261B-2A95-476A-A513-50421F2C7C6D}.SingleImage|Any CPU.ActiveCfg = Release|Any CPU
		{9969261B-2A95-476A-A513-50421F2C7C6D}.SingleImage|Any CPU.Build.0 = Release|Any CPU
		{9969261B-2A95-476A-A513-50421F2C7C6D}.SingleImage|Mixed Platforms.ActiveCfg = Release|Any CPU
		{9969261B-2A95-476A-A513-50421F2C7C6D}.SingleImage|Mixed Platforms.Build.0 = Release|Any CPU
		{33B578EF-A0AF-4B1E-A6FE-C115DC7EF8BE}.CD_ROM|.NET.ActiveCfg = Release|Any CPU
		{33B578EF-A0AF-4B1E-A6FE-C115DC7EF8BE}.CD_ROM|.NET.Build.0 = Release|Any CPU
		{33B578EF-A0AF-4B1E-A6FE-C115DC7EF8BE}.CD_ROM|Any CPU.ActiveCfg = Release|Any CPU
		{33B578EF-A0AF-4B1E-A6FE-C115DC7EF8BE}.CD_ROM|Any CPU.Build.0 = Release|Any CPU
		{33B578EF-A0AF-4B1E-A6FE-C115DC7EF8BE}.CD_ROM|Mixed Platforms.ActiveCfg = Release|Any CPU
		{33B578EF-A0AF-4B1E-A6FE-C115DC7EF8BE}.CD_ROM|Mixed Platforms.Build.0 = Release|Any CPU
		{33B578EF-A0AF-4B1E-A6FE-C115DC7EF8BE}.Debug|.NET.ActiveCfg = Debug|Any CPU
		{33B578EF-A0AF-4B1E-A6FE-C115DC7EF8BE}.Debug|Any CPU.ActiveCfg = Debug|Any CPU
		{33B578EF-A0AF-4B1E-A6FE-C115DC7EF8BE}.Debug|Any CPU.Build.0 = Debug|Any CPU
		{33B578EF-A0AF-4B1E-A6FE-C115DC7EF8BE}.Debug|Mixed Platforms.ActiveCfg = Debug|Any CPU
		{33B578EF-A0AF-4B1E-A6FE-C115DC7EF8BE}.Debug|Mixed Platforms.Build.0 = Debug|Any CPU
		{33B578EF-A0AF-4B1E-A6FE-C115DC7EF8BE}.DVD-5|.NET.ActiveCfg = Debug|Any CPU
		{33B578EF-A0AF-4B1E-A6FE-C115DC7EF8BE}.DVD-5|.NET.Build.0 = Debug|Any CPU
		{33B578EF-A0AF-4B1E-A6FE-C115DC7EF8BE}.DVD-5|Any CPU.ActiveCfg = Debug|Any CPU
		{33B578EF-A0AF-4B1E-A6FE-C115DC7EF8BE}.DVD-5|Any CPU.Build.0 = Debug|Any CPU
		{33B578EF-A0AF-4B1E-A6FE-C115DC7EF8BE}.DVD-5|Mixed Platforms.ActiveCfg = Debug|Any CPU
		{33B578EF-A0AF-4B1E-A6FE-C115DC7EF8BE}.DVD-5|Mixed Platforms.Build.0 = Debug|Any CPU
		{33B578EF-A0AF-4B1E-A6FE-C115DC7EF8BE}.Release|.NET.ActiveCfg = Release|Any CPU
		{33B578EF-A0AF-4B1E-A6FE-C115DC7EF8BE}.Release|Any CPU.ActiveCfg = Release|Any CPU
		{33B578EF-A0AF-4B1E-A6FE-C115DC7EF8BE}.Release|Any CPU.Build.0 = Release|Any CPU
		{33B578EF-A0AF-4B1E-A6FE-C115DC7EF8BE}.Release|Mixed Platforms.ActiveCfg = Release|Any CPU
		{33B578EF-A0AF-4B1E-A6FE-C115DC7EF8BE}.Release|Mixed Platforms.Build.0 = Release|Any CPU
		{33B578EF-A0AF-4B1E-A6FE-C115DC7EF8BE}.SingleImage|.NET.ActiveCfg = Release|Any CPU
		{33B578EF-A0AF-4B1E-A6FE-C115DC7EF8BE}.SingleImage|.NET.Build.0 = Release|Any CPU
		{33B578EF-A0AF-4B1E-A6FE-C115DC7EF8BE}.SingleImage|Any CPU.ActiveCfg = Release|Any CPU
		{33B578EF-A0AF-4B1E-A6FE-C115DC7EF8BE}.SingleImage|Any CPU.Build.0 = Release|Any CPU
		{33B578EF-A0AF-4B1E-A6FE-C115DC7EF8BE}.SingleImage|Mixed Platforms.ActiveCfg = Release|Any CPU
		{33B578EF-A0AF-4B1E-A6FE-C115DC7EF8BE}.SingleImage|Mixed Platforms.Build.0 = Release|Any CPU
		{D668FC36-B420-4B72-B25C-63F7ABC033C8}.CD_ROM|.NET.ActiveCfg = Release|Any CPU
		{D668FC36-B420-4B72-B25C-63F7ABC033C8}.CD_ROM|.NET.Build.0 = Release|Any CPU
		{D668FC36-B420-4B72-B25C-63F7ABC033C8}.CD_ROM|Any CPU.ActiveCfg = Release|Any CPU
		{D668FC36-B420-4B72-B25C-63F7ABC033C8}.CD_ROM|Any CPU.Build.0 = Release|Any CPU
		{D668FC36-B420-4B72-B25C-63F7ABC033C8}.CD_ROM|Mixed Platforms.ActiveCfg = Release|Any CPU
		{D668FC36-B420-4B72-B25C-63F7ABC033C8}.CD_ROM|Mixed Platforms.Build.0 = Release|Any CPU
		{D668FC36-B420-4B72-B25C-63F7ABC033C8}.Debug|.NET.ActiveCfg = Debug|Any CPU
		{D668FC36-B420-4B72-B25C-63F7ABC033C8}.Debug|Any CPU.ActiveCfg = Debug|Any CPU
		{D668FC36-B420-4B72-B25C-63F7ABC033C8}.Debug|Any CPU.Build.0 = Debug|Any CPU
		{D668FC36-B420-4B72-B25C-63F7ABC033C8}.Debug|Mixed Platforms.ActiveCfg = Debug|Any CPU
		{D668FC36-B420-4B72-B25C-63F7ABC033C8}.Debug|Mixed Platforms.Build.0 = Debug|Any CPU
		{D668FC36-B420-4B72-B25C-63F7ABC033C8}.DVD-5|.NET.ActiveCfg = Debug|Any CPU
		{D668FC36-B420-4B72-B25C-63F7ABC033C8}.DVD-5|.NET.Build.0 = Debug|Any CPU
		{D668FC36-B420-4B72-B25C-63F7ABC033C8}.DVD-5|Any CPU.ActiveCfg = Debug|Any CPU
		{D668FC36-B420-4B72-B25C-63F7ABC033C8}.DVD-5|Any CPU.Build.0 = Debug|Any CPU
		{D668FC36-B420-4B72-B25C-63F7ABC033C8}.DVD-5|Mixed Platforms.ActiveCfg = Debug|Any CPU
		{D668FC36-B420-4B72-B25C-63F7ABC033C8}.DVD-5|Mixed Platforms.Build.0 = Debug|Any CPU
		{D668FC36-B420-4B72-B25C-63F7ABC033C8}.Release|.NET.ActiveCfg = Release|Any CPU
		{D668FC36-B420-4B72-B25C-63F7ABC033C8}.Release|Any CPU.ActiveCfg = Release|Any CPU
		{D668FC36-B420-4B72-B25C-63F7ABC033C8}.Release|Any CPU.Build.0 = Release|Any CPU
		{D668FC36-B420-4B72-B25C-63F7ABC033C8}.Release|Mixed Platforms.ActiveCfg = Release|Any CPU
		{D668FC36-B420-4B72-B25C-63F7ABC033C8}.Release|Mixed Platforms.Build.0 = Release|Any CPU
		{D668FC36-B420-4B72-B25C-63F7ABC033C8}.SingleImage|.NET.ActiveCfg = Release|Any CPU
		{D668FC36-B420-4B72-B25C-63F7ABC033C8}.SingleImage|.NET.Build.0 = Release|Any CPU
		{D668FC36-B420-4B72-B25C-63F7ABC033C8}.SingleImage|Any CPU.ActiveCfg = Release|Any CPU
		{D668FC36-B420-4B72-B25C-63F7ABC033C8}.SingleImage|Any CPU.Build.0 = Release|Any CPU
		{D668FC36-B420-4B72-B25C-63F7ABC033C8}.SingleImage|Mixed Platforms.ActiveCfg = Release|Any CPU
		{D668FC36-B420-4B72-B25C-63F7ABC033C8}.SingleImage|Mixed Platforms.Build.0 = Release|Any CPU
		{0A8275D9-237F-4175-9A2D-5FEB86C17423}.CD_ROM|.NET.ActiveCfg = Release|Any CPU
		{0A8275D9-237F-4175-9A2D-5FEB86C17423}.CD_ROM|.NET.Build.0 = Release|Any CPU
		{0A8275D9-237F-4175-9A2D-5FEB86C17423}.CD_ROM|Any CPU.ActiveCfg = Release|Any CPU
		{0A8275D9-237F-4175-9A2D-5FEB86C17423}.CD_ROM|Any CPU.Build.0 = Release|Any CPU
		{0A8275D9-237F-4175-9A2D-5FEB86C17423}.CD_ROM|Mixed Platforms.ActiveCfg = Release|Any CPU
		{0A8275D9-237F-4175-9A2D-5FEB86C17423}.CD_ROM|Mixed Platforms.Build.0 = Release|Any CPU
		{0A8275D9-237F-4175-9A2D-5FEB86C17423}.Debug|.NET.ActiveCfg = Debug|Any CPU
		{0A8275D9-237F-4175-9A2D-5FEB86C17423}.Debug|Any CPU.ActiveCfg = Debug|Any CPU
		{0A8275D9-237F-4175-9A2D-5FEB86C17423}.Debug|Any CPU.Build.0 = Debug|Any CPU
		{0A8275D9-237F-4175-9A2D-5FEB86C17423}.Debug|Mixed Platforms.ActiveCfg = Debug|Any CPU
		{0A8275D9-237F-4175-9A2D-5FEB86C17423}.Debug|Mixed Platforms.Build.0 = Debug|Any CPU
		{0A8275D9-237F-4175-9A2D-5FEB86C17423}.DVD-5|.NET.ActiveCfg = Debug|Any CPU
		{0A8275D9-237F-4175-9A2D-5FEB86C17423}.DVD-5|.NET.Build.0 = Debug|Any CPU
		{0A8275D9-237F-4175-9A2D-5FEB86C17423}.DVD-5|Any CPU.ActiveCfg = Debug|Any CPU
		{0A8275D9-237F-4175-9A2D-5FEB86C17423}.DVD-5|Any CPU.Build.0 = Debug|Any CPU
		{0A8275D9-237F-4175-9A2D-5FEB86C17423}.DVD-5|Mixed Platforms.ActiveCfg = Debug|Any CPU
		{0A8275D9-237F-4175-9A2D-5FEB86C17423}.DVD-5|Mixed Platforms.Build.0 = Debug|Any CPU
		{0A8275D9-237F-4175-9A2D-5FEB86C17423}.Release|.NET.ActiveCfg = Release|Any CPU
		{0A8275D9-237F-4175-9A2D-5FEB86C17423}.Release|Any CPU.ActiveCfg = Release|Any CPU
		{0A8275D9-237F-4175-9A2D-5FEB86C17423}.Release|Any CPU.Build.0 = Release|Any CPU
		{0A8275D9-237F-4175-9A2D-5FEB86C17423}.Release|Mixed Platforms.ActiveCfg = Release|Any CPU
		{0A8275D9-237F-4175-9A2D-5FEB86C17423}.Release|Mixed Platforms.Build.0 = Release|Any CPU
		{0A8275D9-237F-4175-9A2D-5FEB86C17423}.SingleImage|.NET.ActiveCfg = Release|Any CPU
		{0A8275D9-237F-4175-9A2D-5FEB86C17423}.SingleImage|.NET.Build.0 = Release|Any CPU
		{0A8275D9-237F-4175-9A2D-5FEB86C17423}.SingleImage|Any CPU.ActiveCfg = Release|Any CPU
		{0A8275D9-237F-4175-9A2D-5FEB86C17423}.SingleImage|Any CPU.Build.0 = Release|Any CPU
		{0A8275D9-237F-4175-9A2D-5FEB86C17423}.SingleImage|Mixed Platforms.ActiveCfg = Release|Any CPU
		{0A8275D9-237F-4175-9A2D-5FEB86C17423}.SingleImage|Mixed Platforms.Build.0 = Release|Any CPU
		{E9E11313-E876-44A4-A3B5-7D68CA6C790E}.CD_ROM|.NET.ActiveCfg = Release|Any CPU
		{E9E11313-E876-44A4-A3B5-7D68CA6C790E}.CD_ROM|.NET.Build.0 = Release|Any CPU
		{E9E11313-E876-44A4-A3B5-7D68CA6C790E}.CD_ROM|Any CPU.ActiveCfg = Release|Any CPU
		{E9E11313-E876-44A4-A3B5-7D68CA6C790E}.CD_ROM|Any CPU.Build.0 = Release|Any CPU
		{E9E11313-E876-44A4-A3B5-7D68CA6C790E}.CD_ROM|Mixed Platforms.ActiveCfg = Release|Any CPU
		{E9E11313-E876-44A4-A3B5-7D68CA6C790E}.CD_ROM|Mixed Platforms.Build.0 = Release|Any CPU
		{E9E11313-E876-44A4-A3B5-7D68CA6C790E}.Debug|.NET.ActiveCfg = Debug|Any CPU
		{E9E11313-E876-44A4-A3B5-7D68CA6C790E}.Debug|Any CPU.ActiveCfg = Debug|Any CPU
		{E9E11313-E876-44A4-A3B5-7D68CA6C790E}.Debug|Any CPU.Build.0 = Debug|Any CPU
		{E9E11313-E876-44A4-A3B5-7D68CA6C790E}.Debug|Mixed Platforms.ActiveCfg = Debug|Any CPU
		{E9E11313-E876-44A4-A3B5-7D68CA6C790E}.Debug|Mixed Platforms.Build.0 = Debug|Any CPU
		{E9E11313-E876-44A4-A3B5-7D68CA6C790E}.DVD-5|.NET.ActiveCfg = Debug|Any CPU
		{E9E11313-E876-44A4-A3B5-7D68CA6C790E}.DVD-5|.NET.Build.0 = Debug|Any CPU
		{E9E11313-E876-44A4-A3B5-7D68CA6C790E}.DVD-5|Any CPU.ActiveCfg = Debug|Any CPU
		{E9E11313-E876-44A4-A3B5-7D68CA6C790E}.DVD-5|Any CPU.Build.0 = Debug|Any CPU
		{E9E11313-E876-44A4-A3B5-7D68CA6C790E}.DVD-5|Mixed Platforms.ActiveCfg = Debug|Any CPU
		{E9E11313-E876-44A4-A3B5-7D68CA6C790E}.DVD-5|Mixed Platforms.Build.0 = Debug|Any CPU
		{E9E11313-E876-44A4-A3B5-7D68CA6C790E}.Release|.NET.ActiveCfg = Release|Any CPU
		{E9E11313-E876-44A4-A3B5-7D68CA6C790E}.Release|Any CPU.ActiveCfg = Release|Any CPU
		{E9E11313-E876-44A4-A3B5-7D68CA6C790E}.Release|Any CPU.Build.0 = Release|Any CPU
		{E9E11313-E876-44A4-A3B5-7D68CA6C790E}.Release|Mixed Platforms.ActiveCfg = Release|Any CPU
		{E9E11313-E876-44A4-A3B5-7D68CA6C790E}.Release|Mixed Platforms.Build.0 = Release|Any CPU
		{E9E11313-E876-44A4-A3B5-7D68CA6C790E}.SingleImage|.NET.ActiveCfg = Release|Any CPU
		{E9E11313-E876-44A4-A3B5-7D68CA6C790E}.SingleImage|.NET.Build.0 = Release|Any CPU
		{E9E11313-E876-44A4-A3B5-7D68CA6C790E}.SingleImage|Any CPU.ActiveCfg = Release|Any CPU
		{E9E11313-E876-44A4-A3B5-7D68CA6C790E}.SingleImage|Any CPU.Build.0 = Release|Any CPU
		{E9E11313-E876-44A4-A3B5-7D68CA6C790E}.SingleImage|Mixed Platforms.ActiveCfg = Release|Any CPU
		{E9E11313-E876-44A4-A3B5-7D68CA6C790E}.SingleImage|Mixed Platforms.Build.0 = Release|Any CPU
		{BE43AEF3-9AF2-42E1-964C-93F17CDD9691}.CD_ROM|.NET.ActiveCfg = Release|Any CPU
		{BE43AEF3-9AF2-42E1-964C-93F17CDD9691}.CD_ROM|.NET.Build.0 = Release|Any CPU
		{BE43AEF3-9AF2-42E1-964C-93F17CDD9691}.CD_ROM|Any CPU.ActiveCfg = Release|Any CPU
		{BE43AEF3-9AF2-42E1-964C-93F17CDD9691}.CD_ROM|Any CPU.Build.0 = Release|Any CPU
		{BE43AEF3-9AF2-42E1-964C-93F17CDD9691}.CD_ROM|Mixed Platforms.ActiveCfg = Release|Any CPU
		{BE43AEF3-9AF2-42E1-964C-93F17CDD9691}.CD_ROM|Mixed Platforms.Build.0 = Release|Any CPU
		{BE43AEF3-9AF2-42E1-964C-93F17CDD9691}.Debug|.NET.ActiveCfg = Debug|Any CPU
		{BE43AEF3-9AF2-42E1-964C-93F17CDD9691}.Debug|Any CPU.ActiveCfg = Debug|Any CPU
		{BE43AEF3-9AF2-42E1-964C-93F17CDD9691}.Debug|Any CPU.Build.0 = Debug|Any CPU
		{BE43AEF3-9AF2-42E1-964C-93F17CDD9691}.Debug|Mixed Platforms.ActiveCfg = Debug|Any CPU
		{BE43AEF3-9AF2-42E1-964C-93F17CDD9691}.Debug|Mixed Platforms.Build.0 = Debug|Any CPU
		{BE43AEF3-9AF2-42E1-964C-93F17CDD9691}.DVD-5|.NET.ActiveCfg = Debug|Any CPU
		{BE43AEF3-9AF2-42E1-964C-93F17CDD9691}.DVD-5|.NET.Build.0 = Debug|Any CPU
		{BE43AEF3-9AF2-42E1-964C-93F17CDD9691}.DVD-5|Any CPU.ActiveCfg = Debug|Any CPU
		{BE43AEF3-9AF2-42E1-964C-93F17CDD9691}.DVD-5|Any CPU.Build.0 = Debug|Any CPU
		{BE43AEF3-9AF2-42E1-964C-93F17CDD9691}.DVD-5|Mixed Platforms.ActiveCfg = Debug|Any CPU
		{BE43AEF3-9AF2-42E1-964C-93F17CDD9691}.DVD-5|Mixed Platforms.Build.0 = Debug|Any CPU
		{BE43AEF3-9AF2-42E1-964C-93F17CDD9691}.Release|.NET.ActiveCfg = Release|Any CPU
		{BE43AEF3-9AF2-42E1-964C-93F17CDD9691}.Release|Any CPU.ActiveCfg = Release|Any CPU
		{BE43AEF3-9AF2-42E1-964C-93F17CDD9691}.Release|Any CPU.Build.0 = Release|Any CPU
		{BE43AEF3-9AF2-42E1-964C-93F17CDD9691}.Release|Mixed Platforms.ActiveCfg = Release|Any CPU
		{BE43AEF3-9AF2-42E1-964C-93F17CDD9691}.Release|Mixed Platforms.Build.0 = Release|Any CPU
		{BE43AEF3-9AF2-42E1-964C-93F17CDD9691}.SingleImage|.NET.ActiveCfg = Release|Any CPU
		{BE43AEF3-9AF2-42E1-964C-93F17CDD9691}.SingleImage|.NET.Build.0 = Release|Any CPU
		{BE43AEF3-9AF2-42E1-964C-93F17CDD9691}.SingleImage|Any CPU.ActiveCfg = Release|Any CPU
		{BE43AEF3-9AF2-42E1-964C-93F17CDD9691}.SingleImage|Any CPU.Build.0 = Release|Any CPU
		{BE43AEF3-9AF2-42E1-964C-93F17CDD9691}.SingleImage|Mixed Platforms.ActiveCfg = Release|Any CPU
		{BE43AEF3-9AF2-42E1-964C-93F17CDD9691}.SingleImage|Mixed Platforms.Build.0 = Release|Any CPU
		{038F0F0A-E1DD-4D71-A811-6400B6A1E4F3}.CD_ROM|.NET.ActiveCfg = Release|Any CPU
		{038F0F0A-E1DD-4D71-A811-6400B6A1E4F3}.CD_ROM|.NET.Build.0 = Release|Any CPU
		{038F0F0A-E1DD-4D71-A811-6400B6A1E4F3}.CD_ROM|Any CPU.ActiveCfg = Release|Any CPU
		{038F0F0A-E1DD-4D71-A811-6400B6A1E4F3}.CD_ROM|Any CPU.Build.0 = Release|Any CPU
		{038F0F0A-E1DD-4D71-A811-6400B6A1E4F3}.CD_ROM|Mixed Platforms.ActiveCfg = Release|Any CPU
		{038F0F0A-E1DD-4D71-A811-6400B6A1E4F3}.CD_ROM|Mixed Platforms.Build.0 = Release|Any CPU
		{038F0F0A-E1DD-4D71-A811-6400B6A1E4F3}.Debug|.NET.ActiveCfg = Debug|Any CPU
		{038F0F0A-E1DD-4D71-A811-6400B6A1E4F3}.Debug|Any CPU.ActiveCfg = Debug|Any CPU
		{038F0F0A-E1DD-4D71-A811-6400B6A1E4F3}.Debug|Any CPU.Build.0 = Debug|Any CPU
		{038F0F0A-E1DD-4D71-A811-6400B6A1E4F3}.Debug|Mixed Platforms.ActiveCfg = Debug|Any CPU
		{038F0F0A-E1DD-4D71-A811-6400B6A1E4F3}.Debug|Mixed Platforms.Build.0 = Debug|Any CPU
		{038F0F0A-E1DD-4D71-A811-6400B6A1E4F3}.DVD-5|.NET.ActiveCfg = Debug|Any CPU
		{038F0F0A-E1DD-4D71-A811-6400B6A1E4F3}.DVD-5|.NET.Build.0 = Debug|Any CPU
		{038F0F0A-E1DD-4D71-A811-6400B6A1E4F3}.DVD-5|Any CPU.ActiveCfg = Debug|Any CPU
		{038F0F0A-E1DD-4D71-A811-6400B6A1E4F3}.DVD-5|Any CPU.Build.0 = Debug|Any CPU
		{038F0F0A-E1DD-4D71-A811-6400B6A1E4F3}.DVD-5|Mixed Platforms.ActiveCfg = Debug|Any CPU
		{038F0F0A-E1DD-4D71-A811-6400B6A1E4F3}.DVD-5|Mixed Platforms.Build.0 = Debug|Any CPU
		{038F0F0A-E1DD-4D71-A811-6400B6A1E4F3}.Release|.NET.ActiveCfg = Release|Any CPU
		{038F0F0A-E1DD-4D71-A811-6400B6A1E4F3}.Release|Any CPU.ActiveCfg = Release|Any CPU
		{038F0F0A-E1DD-4D71-A811-6400B6A1E4F3}.Release|Any CPU.Build.0 = Release|Any CPU
		{038F0F0A-E1DD-4D71-A811-6400B6A1E4F3}.Release|Mixed Platforms.ActiveCfg = Release|Any CPU
		{038F0F0A-E1DD-4D71-A811-6400B6A1E4F3}.Release|Mixed Platforms.Build.0 = Release|Any CPU
		{038F0F0A-E1DD-4D71-A811-6400B6A1E4F3}.SingleImage|.NET.ActiveCfg = Release|Any CPU
		{038F0F0A-E1DD-4D71-A811-6400B6A1E4F3}.SingleImage|.NET.Build.0 = Release|Any CPU
		{038F0F0A-E1DD-4D71-A811-6400B6A1E4F3}.SingleImage|Any CPU.ActiveCfg = Release|Any CPU
		{038F0F0A-E1DD-4D71-A811-6400B6A1E4F3}.SingleImage|Any CPU.Build.0 = Release|Any CPU
		{038F0F0A-E1DD-4D71-A811-6400B6A1E4F3}.SingleImage|Mixed Platforms.ActiveCfg = Release|Any CPU
		{038F0F0A-E1DD-4D71-A811-6400B6A1E4F3}.SingleImage|Mixed Platforms.Build.0 = Release|Any CPU
		{E59363B9-8F6F-4C37-B6B9-A746C4037DA0}.CD_ROM|.NET.ActiveCfg = Release|Any CPU
		{E59363B9-8F6F-4C37-B6B9-A746C4037DA0}.CD_ROM|.NET.Build.0 = Release|Any CPU
		{E59363B9-8F6F-4C37-B6B9-A746C4037DA0}.CD_ROM|Any CPU.ActiveCfg = Release|Any CPU
		{E59363B9-8F6F-4C37-B6B9-A746C4037DA0}.CD_ROM|Any CPU.Build.0 = Release|Any CPU
		{E59363B9-8F6F-4C37-B6B9-A746C4037DA0}.CD_ROM|Mixed Platforms.ActiveCfg = Release|Any CPU
		{E59363B9-8F6F-4C37-B6B9-A746C4037DA0}.CD_ROM|Mixed Platforms.Build.0 = Release|Any CPU
		{E59363B9-8F6F-4C37-B6B9-A746C4037DA0}.Debug|.NET.ActiveCfg = Debug|Any CPU
		{E59363B9-8F6F-4C37-B6B9-A746C4037DA0}.Debug|Any CPU.ActiveCfg = Debug|Any CPU
		{E59363B9-8F6F-4C37-B6B9-A746C4037DA0}.Debug|Any CPU.Build.0 = Debug|Any CPU
		{E59363B9-8F6F-4C37-B6B9-A746C4037DA0}.Debug|Mixed Platforms.ActiveCfg = Debug|Any CPU
		{E59363B9-8F6F-4C37-B6B9-A746C4037DA0}.Debug|Mixed Platforms.Build.0 = Debug|Any CPU
		{E59363B9-8F6F-4C37-B6B9-A746C4037DA0}.DVD-5|.NET.ActiveCfg = Debug|Any CPU
		{E59363B9-8F6F-4C37-B6B9-A746C4037DA0}.DVD-5|.NET.Build.0 = Debug|Any CPU
		{E59363B9-8F6F-4C37-B6B9-A746C4037DA0}.DVD-5|Any CPU.ActiveCfg = Debug|Any CPU
		{E59363B9-8F6F-4C37-B6B9-A746C4037DA0}.DVD-5|Any CPU.Build.0 = Debug|Any CPU
		{E59363B9-8F6F-4C37-B6B9-A746C4037DA0}.DVD-5|Mixed Platforms.ActiveCfg = Debug|Any CPU
		{E59363B9-8F6F-4C37-B6B9-A746C4037DA0}.DVD-5|Mixed Platforms.Build.0 = Debug|Any CPU
		{E59363B9-8F6F-4C37-B6B9-A746C4037DA0}.Release|.NET.ActiveCfg = Release|Any CPU
		{E59363B9-8F6F-4C37-B6B9-A746C4037DA0}.Release|Any CPU.ActiveCfg = Release|Any CPU
		{E59363B9-8F6F-4C37-B6B9-A746C4037DA0}.Release|Any CPU.Build.0 = Release|Any CPU
		{E59363B9-8F6F-4C37-B6B9-A746C4037DA0}.Release|Mixed Platforms.ActiveCfg = Release|Any CPU
		{E59363B9-8F6F-4C37-B6B9-A746C4037DA0}.Release|Mixed Platforms.Build.0 = Release|Any CPU
		{E59363B9-8F6F-4C37-B6B9-A746C4037DA0}.SingleImage|.NET.ActiveCfg = Release|Any CPU
		{E59363B9-8F6F-4C37-B6B9-A746C4037DA0}.SingleImage|.NET.Build.0 = Release|Any CPU
		{E59363B9-8F6F-4C37-B6B9-A746C4037DA0}.SingleImage|Any CPU.ActiveCfg = Release|Any CPU
		{E59363B9-8F6F-4C37-B6B9-A746C4037DA0}.SingleImage|Any CPU.Build.0 = Release|Any CPU
		{E59363B9-8F6F-4C37-B6B9-A746C4037DA0}.SingleImage|Mixed Platforms.ActiveCfg = Release|Any CPU
		{E59363B9-8F6F-4C37-B6B9-A746C4037DA0}.SingleImage|Mixed Platforms.Build.0 = Release|Any CPU
		{3B70C6C7-B0DA-49F9-BA89-3A592617F900}.CD_ROM|.NET.ActiveCfg = Release|Any CPU
		{3B70C6C7-B0DA-49F9-BA89-3A592617F900}.CD_ROM|.NET.Build.0 = Release|Any CPU
		{3B70C6C7-B0DA-49F9-BA89-3A592617F900}.CD_ROM|Any CPU.ActiveCfg = Release|Any CPU
		{3B70C6C7-B0DA-49F9-BA89-3A592617F900}.CD_ROM|Any CPU.Build.0 = Release|Any CPU
		{3B70C6C7-B0DA-49F9-BA89-3A592617F900}.CD_ROM|Mixed Platforms.ActiveCfg = Release|Any CPU
		{3B70C6C7-B0DA-49F9-BA89-3A592617F900}.CD_ROM|Mixed Platforms.Build.0 = Release|Any CPU
		{3B70C6C7-B0DA-49F9-BA89-3A592617F900}.Debug|.NET.ActiveCfg = Debug|Any CPU
		{3B70C6C7-B0DA-49F9-BA89-3A592617F900}.Debug|Any CPU.ActiveCfg = Debug|Any CPU
		{3B70C6C7-B0DA-49F9-BA89-3A592617F900}.Debug|Any CPU.Build.0 = Debug|Any CPU
		{3B70C6C7-B0DA-49F9-BA89-3A592617F900}.Debug|Mixed Platforms.ActiveCfg = Debug|Any CPU
		{3B70C6C7-B0DA-49F9-BA89-3A592617F900}.Debug|Mixed Platforms.Build.0 = Debug|Any CPU
		{3B70C6C7-B0DA-49F9-BA89-3A592617F900}.DVD-5|.NET.ActiveCfg = Debug|Any CPU
		{3B70C6C7-B0DA-49F9-BA89-3A592617F900}.DVD-5|.NET.Build.0 = Debug|Any CPU
		{3B70C6C7-B0DA-49F9-BA89-3A592617F900}.DVD-5|Any CPU.ActiveCfg = Debug|Any CPU
		{3B70C6C7-B0DA-49F9-BA89-3A592617F900}.DVD-5|Any CPU.Build.0 = Debug|Any CPU
		{3B70C6C7-B0DA-49F9-BA89-3A592617F900}.DVD-5|Mixed Platforms.ActiveCfg = Debug|Any CPU
		{3B70C6C7-B0DA-49F9-BA89-3A592617F900}.DVD-5|Mixed Platforms.Build.0 = Debug|Any CPU
		{3B70C6C7-B0DA-49F9-BA89-3A592617F900}.Release|.NET.ActiveCfg = Release|Any CPU
		{3B70C6C7-B0DA-49F9-BA89-3A592617F900}.Release|Any CPU.ActiveCfg = Release|Any CPU
		{3B70C6C7-B0DA-49F9-BA89-3A592617F900}.Release|Any CPU.Build.0 = Release|Any CPU
		{3B70C6C7-B0DA-49F9-BA89-3A592617F900}.Release|Mixed Platforms.ActiveCfg = Release|Any CPU
		{3B70C6C7-B0DA-49F9-BA89-3A592617F900}.Release|Mixed Platforms.Build.0 = Release|Any CPU
		{3B70C6C7-B0DA-49F9-BA89-3A592617F900}.SingleImage|.NET.ActiveCfg = Release|Any CPU
		{3B70C6C7-B0DA-49F9-BA89-3A592617F900}.SingleImage|.NET.Build.0 = Release|Any CPU
		{3B70C6C7-B0DA-49F9-BA89-3A592617F900}.SingleImage|Any CPU.ActiveCfg = Release|Any CPU
		{3B70C6C7-B0DA-49F9-BA89-3A592617F900}.SingleImage|Any CPU.Build.0 = Release|Any CPU
		{3B70C6C7-B0DA-49F9-BA89-3A592617F900}.SingleImage|Mixed Platforms.ActiveCfg = Release|Any CPU
		{3B70C6C7-B0DA-49F9-BA89-3A592617F900}.SingleImage|Mixed Platforms.Build.0 = Release|Any CPU
		{E90BEA3E-9113-4050-A75E-B380FC8C15F0}.CD_ROM|.NET.ActiveCfg = Release|Any CPU
		{E90BEA3E-9113-4050-A75E-B380FC8C15F0}.CD_ROM|.NET.Build.0 = Release|Any CPU
		{E90BEA3E-9113-4050-A75E-B380FC8C15F0}.CD_ROM|Any CPU.ActiveCfg = Release|Any CPU
		{E90BEA3E-9113-4050-A75E-B380FC8C15F0}.CD_ROM|Any CPU.Build.0 = Release|Any CPU
		{E90BEA3E-9113-4050-A75E-B380FC8C15F0}.CD_ROM|Mixed Platforms.ActiveCfg = Release|Any CPU
		{E90BEA3E-9113-4050-A75E-B380FC8C15F0}.CD_ROM|Mixed Platforms.Build.0 = Release|Any CPU
		{E90BEA3E-9113-4050-A75E-B380FC8C15F0}.Debug|.NET.ActiveCfg = Debug|Any CPU
		{E90BEA3E-9113-4050-A75E-B380FC8C15F0}.Debug|Any CPU.ActiveCfg = Debug|Any CPU
		{E90BEA3E-9113-4050-A75E-B380FC8C15F0}.Debug|Any CPU.Build.0 = Debug|Any CPU
		{E90BEA3E-9113-4050-A75E-B380FC8C15F0}.Debug|Mixed Platforms.ActiveCfg = Debug|Any CPU
		{E90BEA3E-9113-4050-A75E-B380FC8C15F0}.Debug|Mixed Platforms.Build.0 = Debug|Any CPU
		{E90BEA3E-9113-4050-A75E-B380FC8C15F0}.DVD-5|.NET.ActiveCfg = Debug|Any CPU
		{E90BEA3E-9113-4050-A75E-B380FC8C15F0}.DVD-5|.NET.Build.0 = Debug|Any CPU
		{E90BEA3E-9113-4050-A75E-B380FC8C15F0}.DVD-5|Any CPU.ActiveCfg = Debug|Any CPU
		{E90BEA3E-9113-4050-A75E-B380FC8C15F0}.DVD-5|Any CPU.Build.0 = Debug|Any CPU
		{E90BEA3E-9113-4050-A75E-B380FC8C15F0}.DVD-5|Mixed Platforms.ActiveCfg = Debug|Any CPU
		{E90BEA3E-9113-4050-A75E-B380FC8C15F0}.DVD-5|Mixed Platforms.Build.0 = Debug|Any CPU
		{E90BEA3E-9113-4050-A75E-B380FC8C15F0}.Release|.NET.ActiveCfg = Release|Any CPU
		{E90BEA3E-9113-4050-A75E-B380FC8C15F0}.Release|Any CPU.ActiveCfg = Release|Any CPU
		{E90BEA3E-9113-4050-A75E-B380FC8C15F0}.Release|Any CPU.Build.0 = Release|Any CPU
		{E90BEA3E-9113-4050-A75E-B380FC8C15F0}.Release|Mixed Platforms.ActiveCfg = Release|Any CPU
		{E90BEA3E-9113-4050-A75E-B380FC8C15F0}.Release|Mixed Platforms.Build.0 = Release|Any CPU
		{E90BEA3E-9113-4050-A75E-B380FC8C15F0}.SingleImage|.NET.ActiveCfg = Release|Any CPU
		{E90BEA3E-9113-4050-A75E-B380FC8C15F0}.SingleImage|.NET.Build.0 = Release|Any CPU
		{E90BEA3E-9113-4050-A75E-B380FC8C15F0}.SingleImage|Any CPU.ActiveCfg = Release|Any CPU
		{E90BEA3E-9113-4050-A75E-B380FC8C15F0}.SingleImage|Any CPU.Build.0 = Release|Any CPU
		{E90BEA3E-9113-4050-A75E-B380FC8C15F0}.SingleImage|Mixed Platforms.ActiveCfg = Release|Any CPU
		{E90BEA3E-9113-4050-A75E-B380FC8C15F0}.SingleImage|Mixed Platforms.Build.0 = Release|Any CPU
		{8BED9767-8ECE-439A-9D05-D728D0D3A8AE}.CD_ROM|.NET.ActiveCfg = Release|Any CPU
		{8BED9767-8ECE-439A-9D05-D728D0D3A8AE}.CD_ROM|.NET.Build.0 = Release|Any CPU
		{8BED9767-8ECE-439A-9D05-D728D0D3A8AE}.CD_ROM|Any CPU.ActiveCfg = Release|Any CPU
		{8BED9767-8ECE-439A-9D05-D728D0D3A8AE}.CD_ROM|Any CPU.Build.0 = Release|Any CPU
		{8BED9767-8ECE-439A-9D05-D728D0D3A8AE}.CD_ROM|Mixed Platforms.ActiveCfg = Release|Any CPU
		{8BED9767-8ECE-439A-9D05-D728D0D3A8AE}.CD_ROM|Mixed Platforms.Build.0 = Release|Any CPU
		{8BED9767-8ECE-439A-9D05-D728D0D3A8AE}.Debug|.NET.ActiveCfg = Debug|Any CPU
		{8BED9767-8ECE-439A-9D05-D728D0D3A8AE}.Debug|Any CPU.ActiveCfg = Debug|Any CPU
		{8BED9767-8ECE-439A-9D05-D728D0D3A8AE}.Debug|Any CPU.Build.0 = Debug|Any CPU
		{8BED9767-8ECE-439A-9D05-D728D0D3A8AE}.Debug|Mixed Platforms.ActiveCfg = Debug|Any CPU
		{8BED9767-8ECE-439A-9D05-D728D0D3A8AE}.Debug|Mixed Platforms.Build.0 = Debug|Any CPU
		{8BED9767-8ECE-439A-9D05-D728D0D3A8AE}.DVD-5|.NET.ActiveCfg = Debug|Any CPU
		{8BED9767-8ECE-439A-9D05-D728D0D3A8AE}.DVD-5|.NET.Build.0 = Debug|Any CPU
		{8BED9767-8ECE-439A-9D05-D728D0D3A8AE}.DVD-5|Any CPU.ActiveCfg = Debug|Any CPU
		{8BED9767-8ECE-439A-9D05-D728D0D3A8AE}.DVD-5|Any CPU.Build.0 = Debug|Any CPU
		{8BED9767-8ECE-439A-9D05-D728D0D3A8AE}.DVD-5|Mixed Platforms.ActiveCfg = Debug|Any CPU
		{8BED9767-8ECE-439A-9D05-D728D0D3A8AE}.DVD-5|Mixed Platforms.Build.0 = Debug|Any CPU
		{8BED9767-8ECE-439A-9D05-D728D0D3A8AE}.Release|.NET.ActiveCfg = Release|Any CPU
		{8BED9767-8ECE-439A-9D05-D728D0D3A8AE}.Release|Any CPU.ActiveCfg = Release|Any CPU
		{8BED9767-8ECE-439A-9D05-D728D0D3A8AE}.Release|Any CPU.Build.0 = Release|Any CPU
		{8BED9767-8ECE-439A-9D05-D728D0D3A8AE}.Release|Mixed Platforms.ActiveCfg = Release|Any CPU
		{8BED9767-8ECE-439A-9D05-D728D0D3A8AE}.Release|Mixed Platforms.Build.0 = Release|Any CPU
		{8BED9767-8ECE-439A-9D05-D728D0D3A8AE}.SingleImage|.NET.ActiveCfg = Release|Any CPU
		{8BED9767-8ECE-439A-9D05-D728D0D3A8AE}.SingleImage|.NET.Build.0 = Release|Any CPU
		{8BED9767-8ECE-439A-9D05-D728D0D3A8AE}.SingleImage|Any CPU.ActiveCfg = Release|Any CPU
		{8BED9767-8ECE-439A-9D05-D728D0D3A8AE}.SingleImage|Any CPU.Build.0 = Release|Any CPU
		{8BED9767-8ECE-439A-9D05-D728D0D3A8AE}.SingleImage|Mixed Platforms.ActiveCfg = Release|Any CPU
		{8BED9767-8ECE-439A-9D05-D728D0D3A8AE}.SingleImage|Mixed Platforms.Build.0 = Release|Any CPU
		{9F5D0828-14AE-4734-A96A-C6D56609536C}.CD_ROM|.NET.ActiveCfg = Release|Any CPU
		{9F5D0828-14AE-4734-A96A-C6D56609536C}.CD_ROM|.NET.Build.0 = Release|Any CPU
		{9F5D0828-14AE-4734-A96A-C6D56609536C}.CD_ROM|Any CPU.ActiveCfg = Release|Any CPU
		{9F5D0828-14AE-4734-A96A-C6D56609536C}.CD_ROM|Any CPU.Build.0 = Release|Any CPU
		{9F5D0828-14AE-4734-A96A-C6D56609536C}.CD_ROM|Mixed Platforms.ActiveCfg = Release|Any CPU
		{9F5D0828-14AE-4734-A96A-C6D56609536C}.CD_ROM|Mixed Platforms.Build.0 = Release|Any CPU
		{9F5D0828-14AE-4734-A96A-C6D56609536C}.Debug|.NET.ActiveCfg = Debug|Any CPU
		{9F5D0828-14AE-4734-A96A-C6D56609536C}.Debug|Any CPU.ActiveCfg = Debug|Any CPU
		{9F5D0828-14AE-4734-A96A-C6D56609536C}.Debug|Any CPU.Build.0 = Debug|Any CPU
		{9F5D0828-14AE-4734-A96A-C6D56609536C}.Debug|Mixed Platforms.ActiveCfg = Debug|Any CPU
		{9F5D0828-14AE-4734-A96A-C6D56609536C}.Debug|Mixed Platforms.Build.0 = Debug|Any CPU
		{9F5D0828-14AE-4734-A96A-C6D56609536C}.DVD-5|.NET.ActiveCfg = Debug|Any CPU
		{9F5D0828-14AE-4734-A96A-C6D56609536C}.DVD-5|.NET.Build.0 = Debug|Any CPU
		{9F5D0828-14AE-4734-A96A-C6D56609536C}.DVD-5|Any CPU.ActiveCfg = Debug|Any CPU
		{9F5D0828-14AE-4734-A96A-C6D56609536C}.DVD-5|Any CPU.Build.0 = Debug|Any CPU
		{9F5D0828-14AE-4734-A96A-C6D56609536C}.DVD-5|Mixed Platforms.ActiveCfg = Debug|Any CPU
		{9F5D0828-14AE-4734-A96A-C6D56609536C}.DVD-5|Mixed Platforms.Build.0 = Debug|Any CPU
		{9F5D0828-14AE-4734-A96A-C6D56609536C}.Release|.NET.ActiveCfg = Release|Any CPU
		{9F5D0828-14AE-4734-A96A-C6D56609536C}.Release|Any CPU.ActiveCfg = Release|Any CPU
		{9F5D0828-14AE-4734-A96A-C6D56609536C}.Release|Any CPU.Build.0 = Release|Any CPU
		{9F5D0828-14AE-4734-A96A-C6D56609536C}.Release|Mixed Platforms.ActiveCfg = Release|Any CPU
		{9F5D0828-14AE-4734-A96A-C6D56609536C}.Release|Mixed Platforms.Build.0 = Release|Any CPU
		{9F5D0828-14AE-4734-A96A-C6D56609536C}.SingleImage|.NET.ActiveCfg = Release|Any CPU
		{9F5D0828-14AE-4734-A96A-C6D56609536C}.SingleImage|.NET.Build.0 = Release|Any CPU
		{9F5D0828-14AE-4734-A96A-C6D56609536C}.SingleImage|Any CPU.ActiveCfg = Release|Any CPU
		{9F5D0828-14AE-4734-A96A-C6D56609536C}.SingleImage|Any CPU.Build.0 = Release|Any CPU
		{9F5D0828-14AE-4734-A96A-C6D56609536C}.SingleImage|Mixed Platforms.ActiveCfg = Release|Any CPU
		{9F5D0828-14AE-4734-A96A-C6D56609536C}.SingleImage|Mixed Platforms.Build.0 = Release|Any CPU
	EndGlobalSection
	GlobalSection(SolutionProperties) = preSolution
		HideSolutionNode = FALSE
	EndGlobalSection
	GlobalSection(ExtensibilityGlobals) = postSolution
		SolutionGuid = {C928B3AD-B9AA-4B01-B4AA-B97463DE09D6}
	EndGlobalSection
EndGlobal
